
Microsoft Visual Studio Solution File, Format Version 12.00
# Visual Studio Version 16
VisualStudioVersion = 16.0.29009.5
MinimumVisualStudioVersion = 10.0.40219.1
Project("{FAE04EC0-301F-11D3-BF4B-00C04F79EFBC}") = "Mvc02", "MVC02\Mvc02.csproj", "{C727A83B-D754-44AE-B29E-1E51BCCF64B2}"
EndProject
Global
	GlobalSection(SolutionConfigurationPlatforms) = preSolution
		Debug|Any CPU = Debug|Any CPU
		Release|Any CPU = Release|Any CPU
	EndGlobalSection
	GlobalSection(ProjectConfigurationPlatforms) = postSolution
		{C727A83B-D754-44AE-B29E-1E51BCCF64B2}.Debug|Any CPU.ActiveCfg = Debug|Any CPU
		{C727A83B-D754-44AE-B29E-1E51BCCF64B2}.Debug|Any CPU.Build.0 = Debug|Any CPU
		{C727A83B-D754-44AE-B29E-1E51BCCF64B2}.Release|Any CPU.ActiveCfg = Release|Any CPU
		{C727A83B-D754-44AE-B29E-1E51BCCF64B2}.Release|Any CPU.Build.0 = Release|Any CPU
	EndGlobalSection
	GlobalSection(SolutionProperties) = preSolution
		HideSolutionNode = FALSE
	EndGlobalSection
	GlobalSection(ExtensibilityGlobals) = postSolution
		SolutionGuid = {F543F0DE-7734-4471-B500-323ABDB3E54C}
	EndGlobalSection
EndGlobal
